// !$*UTF8*$!
{
	archiveVersion = 1;
	classes = {
	};
	objectVersion = 55;
	objects = {

/* Begin PBXBuildFile section */
		532D8BA806B0D26443C56802 /* Pods_Babyhoney.framework in Frameworks */ = {isa = PBXBuildFile; fileRef = E58F1FEDD631351BEC03DEFD /* Pods_Babyhoney.framework */; };
		E84084B2278D43CC00D8BD1B /* ListVC+TableView.swift in Sources */ = {isa = PBXBuildFile; fileRef = E84084B1278D43CC00D8BD1B /* ListVC+TableView.swift */; };
		E84084B5278D448000D8BD1B /* Story.swift in Sources */ = {isa = PBXBuildFile; fileRef = E84084B4278D448000D8BD1B /* Story.swift */; };
		E84084B8278D457800D8BD1B /* ApiService.swift in Sources */ = {isa = PBXBuildFile; fileRef = E84084B7278D457800D8BD1B /* ApiService.swift */; };
		E84084BE278E571B00D8BD1B /* DateComparison.swift in Sources */ = {isa = PBXBuildFile; fileRef = E84084BD278E571B00D8BD1B /* DateComparison.swift */; };
		E84084C1278E5DB100D8BD1B /* StoryApiManager.swift in Sources */ = {isa = PBXBuildFile; fileRef = E84084C0278E5DB100D8BD1B /* StoryApiManager.swift */; };
		E84084C3278E5F9C00D8BD1B /* ApiServiceProvider.swift in Sources */ = {isa = PBXBuildFile; fileRef = E84084C2278E5F9C00D8BD1B /* ApiServiceProvider.swift */; };
		E84084C7278E941000D8BD1B /* ListVC+TouchEvent.swift in Sources */ = {isa = PBXBuildFile; fileRef = E84084C6278E941000D8BD1B /* ListVC+TouchEvent.swift */; };
		E84084CE278EC9B600D8BD1B /* StoryApiService.swift in Sources */ = {isa = PBXBuildFile; fileRef = E84084CD278EC9B600D8BD1B /* StoryApiService.swift */; };
		E866FA68278C236800D8272E /* Gradient.swift in Sources */ = {isa = PBXBuildFile; fileRef = E866FA67278C236800D8272E /* Gradient.swift */; };
		E866FA6B278CFFAD00D8272E /* ViewController.swift in Sources */ = {isa = PBXBuildFile; fileRef = E866FA6A278CFFAD00D8272E /* ViewController.swift */; };
		E866FA6E278D1C1500D8272E /* SendVC+TextView.swift in Sources */ = {isa = PBXBuildFile; fileRef = E866FA6D278D1C1500D8272E /* SendVC+TextView.swift */; };
		E866FA70278D1C7000D8272E /* SendVC+keyboard.swift in Sources */ = {isa = PBXBuildFile; fileRef = E866FA6F278D1C7000D8272E /* SendVC+keyboard.swift */; };
		E866FA73278D1D0300D8272E /* ListViewController.swift in Sources */ = {isa = PBXBuildFile; fileRef = E866FA72278D1D0300D8272E /* ListViewController.swift */; };
		E88D5823278F9D84003A4910 /* ListView+Pagenation.swift in Sources */ = {isa = PBXBuildFile; fileRef = E88D5822278F9D84003A4910 /* ListView+Pagenation.swift */; };
		E88D5827278FBF20003A4910 /* AddBorder.swift in Sources */ = {isa = PBXBuildFile; fileRef = E88D5826278FBF20003A4910 /* AddBorder.swift */; };
		E88D582B278FD9D4003A4910 /* ColorManager.swift in Sources */ = {isa = PBXBuildFile; fileRef = E88D582A278FD9D4003A4910 /* ColorManager.swift */; };
		E88D585727916086003A4910 /* StoryCell.swift in Sources */ = {isa = PBXBuildFile; fileRef = E88D585527916086003A4910 /* StoryCell.swift */; };
		E88D585827916086003A4910 /* StoryCell.xib in Resources */ = {isa = PBXBuildFile; fileRef = E88D585627916086003A4910 /* StoryCell.xib */; };
		E88D585B279165F5003A4910 /* LoadingCell.swift in Sources */ = {isa = PBXBuildFile; fileRef = E88D5859279165F5003A4910 /* LoadingCell.swift */; };
		E88D585C279165F5003A4910 /* LoadingCell.xib in Resources */ = {isa = PBXBuildFile; fileRef = E88D585A279165F5003A4910 /* LoadingCell.xib */; };
		E8CF1820278C0EB80021D008 /* NotoSansKR-Bold.otf in Resources */ = {isa = PBXBuildFile; fileRef = E8CF181A278C0EB70021D008 /* NotoSansKR-Bold.otf */; };
		E8CF1821278C0EB80021D008 /* NotoSansKR-Regular.otf in Resources */ = {isa = PBXBuildFile; fileRef = E8CF181B278C0EB70021D008 /* NotoSansKR-Regular.otf */; };
		E8CF1822278C0EB80021D008 /* NotoSansKR-Thin.otf in Resources */ = {isa = PBXBuildFile; fileRef = E8CF181C278C0EB70021D008 /* NotoSansKR-Thin.otf */; };
		E8CF1823278C0EB80021D008 /* NotoSansKR-Black.otf in Resources */ = {isa = PBXBuildFile; fileRef = E8CF181D278C0EB70021D008 /* NotoSansKR-Black.otf */; };
		E8CF1824278C0EB80021D008 /* NotoSansKR-Medium.otf in Resources */ = {isa = PBXBuildFile; fileRef = E8CF181E278C0EB70021D008 /* NotoSansKR-Medium.otf */; };
		E8CF1825278C0EB80021D008 /* NotoSansKR-Light.otf in Resources */ = {isa = PBXBuildFile; fileRef = E8CF181F278C0EB80021D008 /* NotoSansKR-Light.otf */; };
		E8CF1828278C13750021D008 /* LetterSpacing.swift in Sources */ = {isa = PBXBuildFile; fileRef = E8CF1827278C13750021D008 /* LetterSpacing.swift */; };
		E8CFF02C278BF27D0012D520 /* AppDelegate.swift in Sources */ = {isa = PBXBuildFile; fileRef = E8CFF02B278BF27D0012D520 /* AppDelegate.swift */; };
		E8CFF02E278BF27D0012D520 /* SceneDelegate.swift in Sources */ = {isa = PBXBuildFile; fileRef = E8CFF02D278BF27D0012D520 /* SceneDelegate.swift */; };
		E8CFF030278BF27D0012D520 /* SendViewController.swift in Sources */ = {isa = PBXBuildFile; fileRef = E8CFF02F278BF27D0012D520 /* SendViewController.swift */; };
		E8CFF033278BF27D0012D520 /* Main.storyboard in Resources */ = {isa = PBXBuildFile; fileRef = E8CFF031278BF27D0012D520 /* Main.storyboard */; };
		E8CFF035278BF27E0012D520 /* Assets.xcassets in Resources */ = {isa = PBXBuildFile; fileRef = E8CFF034278BF27E0012D520 /* Assets.xcassets */; };
		E8CFF038278BF27E0012D520 /* LaunchScreen.storyboard in Resources */ = {isa = PBXBuildFile; fileRef = E8CFF036278BF27E0012D520 /* LaunchScreen.storyboard */; };
/* End PBXBuildFile section */

/* Begin PBXFileReference section */
		24F827F248C91EDE6B84F2DE /* Pods-Babyhoney.release.xcconfig */ = {isa = PBXFileReference; includeInIndex = 1; lastKnownFileType = text.xcconfig; name = "Pods-Babyhoney.release.xcconfig"; path = "Target Support Files/Pods-Babyhoney/Pods-Babyhoney.release.xcconfig"; sourceTree = "<group>"; };
		4A1E10A1C156B0900708DE10 /* Pods-Babyhoney.debug.xcconfig */ = {isa = PBXFileReference; includeInIndex = 1; lastKnownFileType = text.xcconfig; name = "Pods-Babyhoney.debug.xcconfig"; path = "Target Support Files/Pods-Babyhoney/Pods-Babyhoney.debug.xcconfig"; sourceTree = "<group>"; };
		E58F1FEDD631351BEC03DEFD /* Pods_Babyhoney.framework */ = {isa = PBXFileReference; explicitFileType = wrapper.framework; includeInIndex = 0; path = Pods_Babyhoney.framework; sourceTree = BUILT_PRODUCTS_DIR; };
		E84084B1278D43CC00D8BD1B /* ListVC+TableView.swift */ = {isa = PBXFileReference; lastKnownFileType = sourcecode.swift; path = "ListVC+TableView.swift"; sourceTree = "<group>"; };
		E84084B4278D448000D8BD1B /* Story.swift */ = {isa = PBXFileReference; lastKnownFileType = sourcecode.swift; path = Story.swift; sourceTree = "<group>"; };
		E84084B7278D457800D8BD1B /* ApiService.swift */ = {isa = PBXFileReference; lastKnownFileType = sourcecode.swift; path = ApiService.swift; sourceTree = "<group>"; };
		E84084BD278E571B00D8BD1B /* DateComparison.swift */ = {isa = PBXFileReference; lastKnownFileType = sourcecode.swift; path = DateComparison.swift; sourceTree = "<group>"; };
		E84084C0278E5DB100D8BD1B /* StoryApiManager.swift */ = {isa = PBXFileReference; lastKnownFileType = sourcecode.swift; path = StoryApiManager.swift; sourceTree = "<group>"; };
		E84084C2278E5F9C00D8BD1B /* ApiServiceProvider.swift */ = {isa = PBXFileReference; lastKnownFileType = sourcecode.swift; path = ApiServiceProvider.swift; sourceTree = "<group>"; };
		E84084C6278E941000D8BD1B /* ListVC+TouchEvent.swift */ = {isa = PBXFileReference; lastKnownFileType = sourcecode.swift; path = "ListVC+TouchEvent.swift"; sourceTree = "<group>"; };
		E84084CD278EC9B600D8BD1B /* StoryApiService.swift */ = {isa = PBXFileReference; lastKnownFileType = sourcecode.swift; path = StoryApiService.swift; sourceTree = "<group>"; };
		E866FA67278C236800D8272E /* Gradient.swift */ = {isa = PBXFileReference; lastKnownFileType = sourcecode.swift; path = Gradient.swift; sourceTree = "<group>"; };
		E866FA6A278CFFAD00D8272E /* ViewController.swift */ = {isa = PBXFileReference; lastKnownFileType = sourcecode.swift; path = ViewController.swift; sourceTree = "<group>"; };
		E866FA6D278D1C1500D8272E /* SendVC+TextView.swift */ = {isa = PBXFileReference; lastKnownFileType = sourcecode.swift; path = "SendVC+TextView.swift"; sourceTree = "<group>"; };
		E866FA6F278D1C7000D8272E /* SendVC+keyboard.swift */ = {isa = PBXFileReference; lastKnownFileType = sourcecode.swift; path = "SendVC+keyboard.swift"; sourceTree = "<group>"; };
		E866FA72278D1D0300D8272E /* ListViewController.swift */ = {isa = PBXFileReference; lastKnownFileType = sourcecode.swift; path = ListViewController.swift; sourceTree = "<group>"; };
		E88D5822278F9D84003A4910 /* ListView+Pagenation.swift */ = {isa = PBXFileReference; lastKnownFileType = sourcecode.swift; path = "ListView+Pagenation.swift"; sourceTree = "<group>"; };
		E88D5826278FBF20003A4910 /* AddBorder.swift */ = {isa = PBXFileReference; lastKnownFileType = sourcecode.swift; path = AddBorder.swift; sourceTree = "<group>"; };
		E88D582A278FD9D4003A4910 /* ColorManager.swift */ = {isa = PBXFileReference; lastKnownFileType = sourcecode.swift; path = ColorManager.swift; sourceTree = "<group>"; };
		E88D585527916086003A4910 /* StoryCell.swift */ = {isa = PBXFileReference; lastKnownFileType = sourcecode.swift; path = StoryCell.swift; sourceTree = "<group>"; };
		E88D585627916086003A4910 /* StoryCell.xib */ = {isa = PBXFileReference; lastKnownFileType = file.xib; path = StoryCell.xib; sourceTree = "<group>"; };
		E88D5859279165F5003A4910 /* LoadingCell.swift */ = {isa = PBXFileReference; lastKnownFileType = sourcecode.swift; path = LoadingCell.swift; sourceTree = "<group>"; };
		E88D585A279165F5003A4910 /* LoadingCell.xib */ = {isa = PBXFileReference; lastKnownFileType = file.xib; path = LoadingCell.xib; sourceTree = "<group>"; };
		E8CF181A278C0EB70021D008 /* NotoSansKR-Bold.otf */ = {isa = PBXFileReference; lastKnownFileType = file; path = "NotoSansKR-Bold.otf"; sourceTree = "<group>"; };
		E8CF181B278C0EB70021D008 /* NotoSansKR-Regular.otf */ = {isa = PBXFileReference; lastKnownFileType = file; path = "NotoSansKR-Regular.otf"; sourceTree = "<group>"; };
		E8CF181C278C0EB70021D008 /* NotoSansKR-Thin.otf */ = {isa = PBXFileReference; lastKnownFileType = file; path = "NotoSansKR-Thin.otf"; sourceTree = "<group>"; };
		E8CF181D278C0EB70021D008 /* NotoSansKR-Black.otf */ = {isa = PBXFileReference; lastKnownFileType = file; path = "NotoSansKR-Black.otf"; sourceTree = "<group>"; };
		E8CF181E278C0EB70021D008 /* NotoSansKR-Medium.otf */ = {isa = PBXFileReference; lastKnownFileType = file; path = "NotoSansKR-Medium.otf"; sourceTree = "<group>"; };
		E8CF181F278C0EB80021D008 /* NotoSansKR-Light.otf */ = {isa = PBXFileReference; lastKnownFileType = file; path = "NotoSansKR-Light.otf"; sourceTree = "<group>"; };
		E8CF1827278C13750021D008 /* LetterSpacing.swift */ = {isa = PBXFileReference; lastKnownFileType = sourcecode.swift; path = LetterSpacing.swift; sourceTree = "<group>"; };
		E8CFF028278BF27D0012D520 /* Babyhoney.app */ = {isa = PBXFileReference; explicitFileType = wrapper.application; includeInIndex = 0; path = Babyhoney.app; sourceTree = BUILT_PRODUCTS_DIR; };
		E8CFF02B278BF27D0012D520 /* AppDelegate.swift */ = {isa = PBXFileReference; lastKnownFileType = sourcecode.swift; path = AppDelegate.swift; sourceTree = "<group>"; };
		E8CFF02D278BF27D0012D520 /* SceneDelegate.swift */ = {isa = PBXFileReference; lastKnownFileType = sourcecode.swift; path = SceneDelegate.swift; sourceTree = "<group>"; };
		E8CFF02F278BF27D0012D520 /* SendViewController.swift */ = {isa = PBXFileReference; lastKnownFileType = sourcecode.swift; path = SendViewController.swift; sourceTree = "<group>"; };
		E8CFF032278BF27D0012D520 /* Base */ = {isa = PBXFileReference; lastKnownFileType = file.storyboard; name = Base; path = Base.lproj/Main.storyboard; sourceTree = "<group>"; };
		E8CFF034278BF27E0012D520 /* Assets.xcassets */ = {isa = PBXFileReference; lastKnownFileType = folder.assetcatalog; path = Assets.xcassets; sourceTree = "<group>"; };
		E8CFF037278BF27E0012D520 /* Base */ = {isa = PBXFileReference; lastKnownFileType = file.storyboard; name = Base; path = Base.lproj/LaunchScreen.storyboard; sourceTree = "<group>"; };
		E8CFF039278BF27E0012D520 /* Info.plist */ = {isa = PBXFileReference; lastKnownFileType = text.plist.xml; path = Info.plist; sourceTree = "<group>"; };
/* End PBXFileReference section */

/* Begin PBXFrameworksBuildPhase section */
		E8CFF025278BF27D0012D520 /* Frameworks */ = {
			isa = PBXFrameworksBuildPhase;
			buildActionMask = 2147483647;
			files = (
				532D8BA806B0D26443C56802 /* Pods_Babyhoney.framework in Frameworks */,
			);
			runOnlyForDeploymentPostprocessing = 0;
		};
/* End PBXFrameworksBuildPhase section */

/* Begin PBXGroup section */
		3C35C22531493BB21289FCBA /* Frameworks */ = {
			isa = PBXGroup;
			children = (
				E58F1FEDD631351BEC03DEFD /* Pods_Babyhoney.framework */,
			);
			name = Frameworks;
			sourceTree = "<group>";
		};
		AD3A9849B86DD24258F3FA67 /* Pods */ = {
			isa = PBXGroup;
			children = (
				4A1E10A1C156B0900708DE10 /* Pods-Babyhoney.debug.xcconfig */,
				24F827F248C91EDE6B84F2DE /* Pods-Babyhoney.release.xcconfig */,
			);
			path = Pods;
			sourceTree = "<group>";
		};
		E84084B3278D440D00D8BD1B /* Model */ = {
			isa = PBXGroup;
			children = (
				E84084B4278D448000D8BD1B /* Story.swift */,
			);
			path = Model;
			sourceTree = "<group>";
		};
		E84084B6278D456800D8BD1B /* Service */ = {
			isa = PBXGroup;
			children = (
				E84084B7278D457800D8BD1B /* ApiService.swift */,
				E84084CD278EC9B600D8BD1B /* StoryApiService.swift */,
			);
			path = Service;
			sourceTree = "<group>";
		};
		E84084BF278E5DA700D8BD1B /* Manager */ = {
			isa = PBXGroup;
			children = (
				E84084C0278E5DB100D8BD1B /* StoryApiManager.swift */,
				E84084C2278E5F9C00D8BD1B /* ApiServiceProvider.swift */,
			);
			path = Manager;
			sourceTree = "<group>";
		};
		E866FA69278C2D9600D8272E /* VIew */ = {
			isa = PBXGroup;
			children = (
				E866FA74278D3CEE00D8272E /* CustomCell */,
				E8CFF031278BF27D0012D520 /* Main.storyboard */,
				E8CFF036278BF27E0012D520 /* LaunchScreen.storyboard */,
			);
			path = VIew;
			sourceTree = "<group>";
		};
		E866FA6C278D1C0100D8272E /* SendVC */ = {
			isa = PBXGroup;
			children = (
				E8CFF02F278BF27D0012D520 /* SendViewController.swift */,
				E866FA6D278D1C1500D8272E /* SendVC+TextView.swift */,
				E866FA6F278D1C7000D8272E /* SendVC+keyboard.swift */,
			);
			path = SendVC;
			sourceTree = "<group>";
		};
		E866FA71278D1CE500D8272E /* ListVC */ = {
			isa = PBXGroup;
			children = (
				E866FA72278D1D0300D8272E /* ListViewController.swift */,
				E84084B1278D43CC00D8BD1B /* ListVC+TableView.swift */,
				E84084C6278E941000D8BD1B /* ListVC+TouchEvent.swift */,
				E88D5822278F9D84003A4910 /* ListView+Pagenation.swift */,
			);
			path = ListVC;
			sourceTree = "<group>";
		};
		E866FA74278D3CEE00D8272E /* CustomCell */ = {
			isa = PBXGroup;
			children = (
				E88D585527916086003A4910 /* StoryCell.swift */,
				E88D585627916086003A4910 /* StoryCell.xib */,
				E88D5859279165F5003A4910 /* LoadingCell.swift */,
				E88D585A279165F5003A4910 /* LoadingCell.xib */,
			);
			path = CustomCell;
			sourceTree = "<group>";
		};
		E88D5828278FD9B9003A4910 /* Resource */ = {
			isa = PBXGroup;
			children = (
				E88D5829278FD9CA003A4910 /* Color */,
				E8CF1819278C0E0E0021D008 /* Font */,
			);
			path = Resource;
			sourceTree = "<group>";
		};
		E88D5829278FD9CA003A4910 /* Color */ = {
			isa = PBXGroup;
			children = (
				E88D582A278FD9D4003A4910 /* ColorManager.swift */,
			);
			path = Color;
			sourceTree = "<group>";
		};
		E8CF1819278C0E0E0021D008 /* Font */ = {
			isa = PBXGroup;
			children = (
				E8CF181D278C0EB70021D008 /* NotoSansKR-Black.otf */,
				E8CF181A278C0EB70021D008 /* NotoSansKR-Bold.otf */,
				E8CF181F278C0EB80021D008 /* NotoSansKR-Light.otf */,
				E8CF181E278C0EB70021D008 /* NotoSansKR-Medium.otf */,
				E8CF181B278C0EB70021D008 /* NotoSansKR-Regular.otf */,
				E8CF181C278C0EB70021D008 /* NotoSansKR-Thin.otf */,
			);
			path = Font;
			sourceTree = "<group>";
		};
		E8CF1826278C13550021D008 /* Util */ = {
			isa = PBXGroup;
			children = (
				E8CF1827278C13750021D008 /* LetterSpacing.swift */,
				E866FA67278C236800D8272E /* Gradient.swift */,
				E84084BD278E571B00D8BD1B /* DateComparison.swift */,
				E88D5826278FBF20003A4910 /* AddBorder.swift */,
			);
			path = Util;
			sourceTree = "<group>";
		};
		E8CFF01F278BF27D0012D520 = {
			isa = PBXGroup;
			children = (
				E8CFF02A278BF27D0012D520 /* Babyhoney */,
				E8CFF029278BF27D0012D520 /* Products */,
				AD3A9849B86DD24258F3FA67 /* Pods */,
				3C35C22531493BB21289FCBA /* Frameworks */,
			);
			sourceTree = "<group>";
		};
		E8CFF029278BF27D0012D520 /* Products */ = {
			isa = PBXGroup;
			children = (
				E8CFF028278BF27D0012D520 /* Babyhoney.app */,
			);
			name = Products;
			sourceTree = "<group>";
		};
		E8CFF02A278BF27D0012D520 /* Babyhoney */ = {
			isa = PBXGroup;
			children = (
				E88D5828278FD9B9003A4910 /* Resource */,
				E84084BF278E5DA700D8BD1B /* Manager */,
				E84084B6278D456800D8BD1B /* Service */,
				E84084B3278D440D00D8BD1B /* Model */,
				E866FA69278C2D9600D8272E /* VIew */,
				E8CF1826278C13550021D008 /* Util */,
				E8CFF040278BF7880012D520 /* Controller */,
				E8CFF03F278BF7720012D520 /* AppDelegate */,
				E8CFF034278BF27E0012D520 /* Assets.xcassets */,
				E8CFF039278BF27E0012D520 /* Info.plist */,
			);
			path = Babyhoney;
			sourceTree = "<group>";
		};
		E8CFF03F278BF7720012D520 /* AppDelegate */ = {
			isa = PBXGroup;
			children = (
				E8CFF02B278BF27D0012D520 /* AppDelegate.swift */,
				E8CFF02D278BF27D0012D520 /* SceneDelegate.swift */,
			);
			path = AppDelegate;
			sourceTree = "<group>";
		};
		E8CFF040278BF7880012D520 /* Controller */ = {
			isa = PBXGroup;
			children = (
				E866FA71278D1CE500D8272E /* ListVC */,
				E866FA6C278D1C0100D8272E /* SendVC */,
				E866FA6A278CFFAD00D8272E /* ViewController.swift */,
			);
			path = Controller;
			sourceTree = "<group>";
		};
/* End PBXGroup section */

/* Begin PBXNativeTarget section */
		E8CFF027278BF27D0012D520 /* Babyhoney */ = {
			isa = PBXNativeTarget;
			buildConfigurationList = E8CFF03C278BF27E0012D520 /* Build configuration list for PBXNativeTarget "Babyhoney" */;
			buildPhases = (
				B1655860947AC23E5A756F06 /* [CP] Check Pods Manifest.lock */,
				E8CFF024278BF27D0012D520 /* Sources */,
				E8CFF025278BF27D0012D520 /* Frameworks */,
				E8CFF026278BF27D0012D520 /* Resources */,
				A0DC4DFF22A2D5B6192C04DA /* [CP] Embed Pods Frameworks */,
			);
			buildRules = (
			);
			dependencies = (
			);
			name = Babyhoney;
			productName = Babyhoney;
			productReference = E8CFF028278BF27D0012D520 /* Babyhoney.app */;
			productType = "com.apple.product-type.application";
		};
/* End PBXNativeTarget section */

/* Begin PBXProject section */
		E8CFF020278BF27D0012D520 /* Project object */ = {
			isa = PBXProject;
			attributes = {
				BuildIndependentTargetsInParallel = 1;
				LastSwiftUpdateCheck = 1320;
				LastUpgradeCheck = 1320;
				TargetAttributes = {
					E8CFF027278BF27D0012D520 = {
						CreatedOnToolsVersion = 13.2.1;
					};
				};
			};
			buildConfigurationList = E8CFF023278BF27D0012D520 /* Build configuration list for PBXProject "Babyhoney" */;
			compatibilityVersion = "Xcode 13.0";
			developmentRegion = en;
			hasScannedForEncodings = 0;
			knownRegions = (
				en,
				Base,
			);
			mainGroup = E8CFF01F278BF27D0012D520;
			productRefGroup = E8CFF029278BF27D0012D520 /* Products */;
			projectDirPath = "";
			projectRoot = "";
			targets = (
				E8CFF027278BF27D0012D520 /* Babyhoney */,
			);
		};
/* End PBXProject section */

/* Begin PBXResourcesBuildPhase section */
		E8CFF026278BF27D0012D520 /* Resources */ = {
			isa = PBXResourcesBuildPhase;
			buildActionMask = 2147483647;
			files = (
				E8CF1822278C0EB80021D008 /* NotoSansKR-Thin.otf in Resources */,
				E88D585827916086003A4910 /* StoryCell.xib in Resources */,
				E8CFF038278BF27E0012D520 /* LaunchScreen.storyboard in Resources */,
				E8CFF035278BF27E0012D520 /* Assets.xcassets in Resources */,
				E8CF1820278C0EB80021D008 /* NotoSansKR-Bold.otf in Resources */,
				E88D585C279165F5003A4910 /* LoadingCell.xib in Resources */,
				E8CF1824278C0EB80021D008 /* NotoSansKR-Medium.otf in Resources */,
				E8CFF033278BF27D0012D520 /* Main.storyboard in Resources */,
				E8CF1825278C0EB80021D008 /* NotoSansKR-Light.otf in Resources */,
				E8CF1823278C0EB80021D008 /* NotoSansKR-Black.otf in Resources */,
				E8CF1821278C0EB80021D008 /* NotoSansKR-Regular.otf in Resources */,
			);
			runOnlyForDeploymentPostprocessing = 0;
		};
/* End PBXResourcesBuildPhase section */

/* Begin PBXShellScriptBuildPhase section */
		A0DC4DFF22A2D5B6192C04DA /* [CP] Embed Pods Frameworks */ = {
			isa = PBXShellScriptBuildPhase;
			buildActionMask = 2147483647;
			files = (
			);
			inputFileListPaths = (
				"${PODS_ROOT}/Target Support Files/Pods-Babyhoney/Pods-Babyhoney-frameworks-${CONFIGURATION}-input-files.xcfilelist",
			);
			name = "[CP] Embed Pods Frameworks";
			outputFileListPaths = (
				"${PODS_ROOT}/Target Support Files/Pods-Babyhoney/Pods-Babyhoney-frameworks-${CONFIGURATION}-output-files.xcfilelist",
			);
			runOnlyForDeploymentPostprocessing = 0;
			shellPath = /bin/sh;
			shellScript = "\"${PODS_ROOT}/Target Support Files/Pods-Babyhoney/Pods-Babyhoney-frameworks.sh\"\n";
			showEnvVarsInLog = 0;
		};
		B1655860947AC23E5A756F06 /* [CP] Check Pods Manifest.lock */ = {
			isa = PBXShellScriptBuildPhase;
			buildActionMask = 2147483647;
			files = (
			);
			inputFileListPaths = (
			);
			inputPaths = (
				"${PODS_PODFILE_DIR_PATH}/Podfile.lock",
				"${PODS_ROOT}/Manifest.lock",
			);
			name = "[CP] Check Pods Manifest.lock";
			outputFileListPaths = (
			);
			outputPaths = (
				"$(DERIVED_FILE_DIR)/Pods-Babyhoney-checkManifestLockResult.txt",
			);
			runOnlyForDeploymentPostprocessing = 0;
			shellPath = /bin/sh;
			shellScript = "diff \"${PODS_PODFILE_DIR_PATH}/Podfile.lock\" \"${PODS_ROOT}/Manifest.lock\" > /dev/null\nif [ $? != 0 ] ; then\n    # print error to STDERR\n    echo \"error: The sandbox is not in sync with the Podfile.lock. Run 'pod install' or update your CocoaPods installation.\" >&2\n    exit 1\nfi\n# This output is used by Xcode 'outputs' to avoid re-running this script phase.\necho \"SUCCESS\" > \"${SCRIPT_OUTPUT_FILE_0}\"\n";
			showEnvVarsInLog = 0;
		};
/* End PBXShellScriptBuildPhase section */

/* Begin PBXSourcesBuildPhase section */
		E8CFF024278BF27D0012D520 /* Sources */ = {
			isa = PBXSourcesBuildPhase;
			buildActionMask = 2147483647;
			files = (
				E84084C1278E5DB100D8BD1B /* StoryApiManager.swift in Sources */,
				E88D5827278FBF20003A4910 /* AddBorder.swift in Sources */,
				E88D582B278FD9D4003A4910 /* ColorManager.swift in Sources */,
				E866FA6B278CFFAD00D8272E /* ViewController.swift in Sources */,
				E866FA6E278D1C1500D8272E /* SendVC+TextView.swift in Sources */,
				E84084B2278D43CC00D8BD1B /* ListVC+TableView.swift in Sources */,
				E84084BE278E571B00D8BD1B /* DateComparison.swift in Sources */,
				E866FA68278C236800D8272E /* Gradient.swift in Sources */,
				E8CFF030278BF27D0012D520 /* SendViewController.swift in Sources */,
				E8CFF02C278BF27D0012D520 /* AppDelegate.swift in Sources */,
				E866FA73278D1D0300D8272E /* ListViewController.swift in Sources */,
				E84084CE278EC9B600D8BD1B /* StoryApiService.swift in Sources */,
				E88D5823278F9D84003A4910 /* ListView+Pagenation.swift in Sources */,
				E8CFF02E278BF27D0012D520 /* SceneDelegate.swift in Sources */,
				E88D585B279165F5003A4910 /* LoadingCell.swift in Sources */,
				E84084C3278E5F9C00D8BD1B /* ApiServiceProvider.swift in Sources */,
				E84084B8278D457800D8BD1B /* ApiService.swift in Sources */,
				E88D585727916086003A4910 /* StoryCell.swift in Sources */,
				E8CF1828278C13750021D008 /* LetterSpacing.swift in Sources */,
				E866FA70278D1C7000D8272E /* SendVC+keyboard.swift in Sources */,
				E84084C7278E941000D8BD1B /* ListVC+TouchEvent.swift in Sources */,
				E84084B5278D448000D8BD1B /* Story.swift in Sources */,
			);
			runOnlyForDeploymentPostprocessing = 0;
		};
/* End PBXSourcesBuildPhase section */

/* Begin PBXVariantGroup section */
		E8CFF031278BF27D0012D520 /* Main.storyboard */ = {
			isa = PBXVariantGroup;
			children = (
				E8CFF032278BF27D0012D520 /* Base */,
			);
			name = Main.storyboard;
			sourceTree = "<group>";
		};
		E8CFF036278BF27E0012D520 /* LaunchScreen.storyboard */ = {
			isa = PBXVariantGroup;
			children = (
				E8CFF037278BF27E0012D520 /* Base */,
			);
			name = LaunchScreen.storyboard;
			sourceTree = "<group>";
		};
/* End PBXVariantGroup section */

/* Begin XCBuildConfiguration section */
		E8CFF03A278BF27E0012D520 /* Debug */ = {
			isa = XCBuildConfiguration;
			buildSettings = {
				ALWAYS_SEARCH_USER_PATHS = NO;
				CLANG_ANALYZER_NONNULL = YES;
				CLANG_ANALYZER_NUMBER_OBJECT_CONVERSION = YES_AGGRESSIVE;
				CLANG_CXX_LANGUAGE_STANDARD = "gnu++17";
				CLANG_CXX_LIBRARY = "libc++";
				CLANG_ENABLE_MODULES = YES;
				CLANG_ENABLE_OBJC_ARC = YES;
				CLANG_ENABLE_OBJC_WEAK = YES;
				CLANG_WARN_BLOCK_CAPTURE_AUTORELEASING = YES;
				CLANG_WARN_BOOL_CONVERSION = YES;
				CLANG_WARN_COMMA = YES;
				CLANG_WARN_CONSTANT_CONVERSION = YES;
				CLANG_WARN_DEPRECATED_OBJC_IMPLEMENTATIONS = YES;
				CLANG_WARN_DIRECT_OBJC_ISA_USAGE = YES_ERROR;
				CLANG_WARN_DOCUMENTATION_COMMENTS = YES;
				CLANG_WARN_EMPTY_BODY = YES;
				CLANG_WARN_ENUM_CONVERSION = YES;
				CLANG_WARN_INFINITE_RECURSION = YES;
				CLANG_WARN_INT_CONVERSION = YES;
				CLANG_WARN_NON_LITERAL_NULL_CONVERSION = YES;
				CLANG_WARN_OBJC_IMPLICIT_RETAIN_SELF = YES;
				CLANG_WARN_OBJC_LITERAL_CONVERSION = YES;
				CLANG_WARN_OBJC_ROOT_CLASS = YES_ERROR;
				CLANG_WARN_QUOTED_INCLUDE_IN_FRAMEWORK_HEADER = YES;
				CLANG_WARN_RANGE_LOOP_ANALYSIS = YES;
				CLANG_WARN_STRICT_PROTOTYPES = YES;
				CLANG_WARN_SUSPICIOUS_MOVE = YES;
				CLANG_WARN_UNGUARDED_AVAILABILITY = YES_AGGRESSIVE;
				CLANG_WARN_UNREACHABLE_CODE = YES;
				CLANG_WARN__DUPLICATE_METHOD_MATCH = YES;
				COPY_PHASE_STRIP = NO;
				DEBUG_INFORMATION_FORMAT = dwarf;
				ENABLE_STRICT_OBJC_MSGSEND = YES;
				ENABLE_TESTABILITY = YES;
				GCC_C_LANGUAGE_STANDARD = gnu11;
				GCC_DYNAMIC_NO_PIC = NO;
				GCC_NO_COMMON_BLOCKS = YES;
				GCC_OPTIMIZATION_LEVEL = 0;
				GCC_PREPROCESSOR_DEFINITIONS = (
					"DEBUG=1",
					"$(inherited)",
				);
				GCC_WARN_64_TO_32_BIT_CONVERSION = YES;
				GCC_WARN_ABOUT_RETURN_TYPE = YES_ERROR;
				GCC_WARN_UNDECLARED_SELECTOR = YES;
				GCC_WARN_UNINITIALIZED_AUTOS = YES_AGGRESSIVE;
				GCC_WARN_UNUSED_FUNCTION = YES;
				GCC_WARN_UNUSED_VARIABLE = YES;
				IPHONEOS_DEPLOYMENT_TARGET = 12.0;
				MTL_ENABLE_DEBUG_INFO = INCLUDE_SOURCE;
				MTL_FAST_MATH = YES;
				ONLY_ACTIVE_ARCH = YES;
				SDKROOT = iphoneos;
				SWIFT_ACTIVE_COMPILATION_CONDITIONS = DEBUG;
				SWIFT_OPTIMIZATION_LEVEL = "-Onone";
			};
			name = Debug;
		};
		E8CFF03B278BF27E0012D520 /* Release */ = {
			isa = XCBuildConfiguration;
			buildSettings = {
				ALWAYS_SEARCH_USER_PATHS = NO;
				CLANG_ANALYZER_NONNULL = YES;
				CLANG_ANALYZER_NUMBER_OBJECT_CONVERSION = YES_AGGRESSIVE;
				CLANG_CXX_LANGUAGE_STANDARD = "gnu++17";
				CLANG_CXX_LIBRARY = "libc++";
				CLANG_ENABLE_MODULES = YES;
				CLANG_ENABLE_OBJC_ARC = YES;
				CLANG_ENABLE_OBJC_WEAK = YES;
				CLANG_WARN_BLOCK_CAPTURE_AUTORELEASING = YES;
				CLANG_WARN_BOOL_CONVERSION = YES;
				CLANG_WARN_COMMA = YES;
				CLANG_WARN_CONSTANT_CONVERSION = YES;
				CLANG_WARN_DEPRECATED_OBJC_IMPLEMENTATIONS = YES;
				CLANG_WARN_DIRECT_OBJC_ISA_USAGE = YES_ERROR;
				CLANG_WARN_DOCUMENTATION_COMMENTS = YES;
				CLANG_WARN_EMPTY_BODY = YES;
				CLANG_WARN_ENUM_CONVERSION = YES;
				CLANG_WARN_INFINITE_RECURSION = YES;
				CLANG_WARN_INT_CONVERSION = YES;
				CLANG_WARN_NON_LITERAL_NULL_CONVERSION = YES;
				CLANG_WARN_OBJC_IMPLICIT_RETAIN_SELF = YES;
				CLANG_WARN_OBJC_LITERAL_CONVERSION = YES;
				CLANG_WARN_OBJC_ROOT_CLASS = YES_ERROR;
				CLANG_WARN_QUOTED_INCLUDE_IN_FRAMEWORK_HEADER = YES;
				CLANG_WARN_RANGE_LOOP_ANALYSIS = YES;
				CLANG_WARN_STRICT_PROTOTYPES = YES;
				CLANG_WARN_SUSPICIOUS_MOVE = YES;
				CLANG_WARN_UNGUARDED_AVAILABILITY = YES_AGGRESSIVE;
				CLANG_WARN_UNREACHABLE_CODE = YES;
				CLANG_WARN__DUPLICATE_METHOD_MATCH = YES;
				COPY_PHASE_STRIP = NO;
				DEBUG_INFORMATION_FORMAT = "dwarf-with-dsym";
				ENABLE_NS_ASSERTIONS = NO;
				ENABLE_STRICT_OBJC_MSGSEND = YES;
				GCC_C_LANGUAGE_STANDARD = gnu11;
				GCC_NO_COMMON_BLOCKS = YES;
				GCC_WARN_64_TO_32_BIT_CONVERSION = YES;
				GCC_WARN_ABOUT_RETURN_TYPE = YES_ERROR;
				GCC_WARN_UNDECLARED_SELECTOR = YES;
				GCC_WARN_UNINITIALIZED_AUTOS = YES_AGGRESSIVE;
				GCC_WARN_UNUSED_FUNCTION = YES;
				GCC_WARN_UNUSED_VARIABLE = YES;
				IPHONEOS_DEPLOYMENT_TARGET = 12.0;
				MTL_ENABLE_DEBUG_INFO = NO;
				MTL_FAST_MATH = YES;
				SDKROOT = iphoneos;
				SWIFT_COMPILATION_MODE = wholemodule;
				SWIFT_OPTIMIZATION_LEVEL = "-O";
				VALIDATE_PRODUCT = YES;
			};
			name = Release;
		};
		E8CFF03D278BF27E0012D520 /* Debug */ = {
			isa = XCBuildConfiguration;
			baseConfigurationReference = 4A1E10A1C156B0900708DE10 /* Pods-Babyhoney.debug.xcconfig */;
			buildSettings = {
				ASSETCATALOG_COMPILER_APPICON_NAME = AppIcon;
				ASSETCATALOG_COMPILER_GLOBAL_ACCENT_COLOR_NAME = AccentColor;
				CODE_SIGN_STYLE = Automatic;
				CURRENT_PROJECT_VERSION = 1;
				DEVELOPMENT_TEAM = 7ZK7Q3JHK4;
				GENERATE_INFOPLIST_FILE = YES;
				INFOPLIST_FILE = Babyhoney/Info.plist;
				INFOPLIST_KEY_UIApplicationSupportsIndirectInputEvents = YES;
				INFOPLIST_KEY_UILaunchStoryboardName = LaunchScreen;
				INFOPLIST_KEY_UIMainStoryboardFile = Main;
				INFOPLIST_KEY_UISupportedInterfaceOrientations_iPad = "UIInterfaceOrientationPortrait UIInterfaceOrientationPortraitUpsideDown UIInterfaceOrientationLandscapeLeft UIInterfaceOrientationLandscapeRight";
				INFOPLIST_KEY_UISupportedInterfaceOrientations_iPhone = "UIInterfaceOrientationPortrait UIInterfaceOrientationLandscapeLeft UIInterfaceOrientationLandscapeRight";
				LD_RUNPATH_SEARCH_PATHS = (
					"$(inherited)",
					"@executable_path/Frameworks",
				);
				MARKETING_VERSION = 1.0;
				PRODUCT_BUNDLE_IDENTIFIER = com.yeoboya.Babyhoney;
				PRODUCT_NAME = "$(TARGET_NAME)";
				SWIFT_EMIT_LOC_STRINGS = YES;
				SWIFT_VERSION = 5.0;
				TARGETED_DEVICE_FAMILY = "1,2";
			};
			name = Debug;
		};
		E8CFF03E278BF27E0012D520 /* Release */ = {
			isa = XCBuildConfiguration;
			baseConfigurationReference = 24F827F248C91EDE6B84F2DE /* Pods-Babyhoney.release.xcconfig */;
			buildSettings = {
				ASSETCATALOG_COMPILER_APPICON_NAME = AppIcon;
				ASSETCATALOG_COMPILER_GLOBAL_ACCENT_COLOR_NAME = AccentColor;
				CODE_SIGN_STYLE = Automatic;
				CURRENT_PROJECT_VERSION = 1;
				DEVELOPMENT_TEAM = 7ZK7Q3JHK4;
				GENERATE_INFOPLIST_FILE = YES;
				INFOPLIST_FILE = Babyhoney/Info.plist;
				INFOPLIST_KEY_UIApplicationSupportsIndirectInputEvents = YES;
				INFOPLIST_KEY_UILaunchStoryboardName = LaunchScreen;
				INFOPLIST_KEY_UIMainStoryboardFile = Main;
				INFOPLIST_KEY_UISupportedInterfaceOrientations_iPad = "UIInterfaceOrientationPortrait UIInterfaceOrientationPortraitUpsideDown UIInterfaceOrientationLandscapeLeft UIInterfaceOrientationLandscapeRight";
				INFOPLIST_KEY_UISupportedInterfaceOrientations_iPhone = "UIInterfaceOrientationPortrait UIInterfaceOrientationLandscapeLeft UIInterfaceOrientationLandscapeRight";
				LD_RUNPATH_SEARCH_PATHS = (
					"$(inherited)",
					"@executable_path/Frameworks",
				);
				MARKETING_VERSION = 1.0;
				PRODUCT_BUNDLE_IDENTIFIER = com.yeoboya.Babyhoney;
				PRODUCT_NAME = "$(TARGET_NAME)";
				SWIFT_EMIT_LOC_STRINGS = YES;
				SWIFT_VERSION = 5.0;
				TARGETED_DEVICE_FAMILY = "1,2";
			};
			name = Release;
		};
/* End XCBuildConfiguration section */

/* Begin XCConfigurationList section */
		E8CFF023278BF27D0012D520 /* Build configuration list for PBXProject "Babyhoney" */ = {
			isa = XCConfigurationList;
			buildConfigurations = (
				E8CFF03A278BF27E0012D520 /* Debug */,
				E8CFF03B278BF27E0012D520 /* Release */,
			);
			defaultConfigurationIsVisible = 0;
			defaultConfigurationName = Release;
		};
		E8CFF03C278BF27E0012D520 /* Build configuration list for PBXNativeTarget "Babyhoney" */ = {
			isa = XCConfigurationList;
			buildConfigurations = (
				E8CFF03D278BF27E0012D520 /* Debug */,
				E8CFF03E278BF27E0012D520 /* Release */,
			);
			defaultConfigurationIsVisible = 0;
			defaultConfigurationName = Release;
		};
/* End XCConfigurationList section */
	};
	rootObject = E8CFF020278BF27D0012D520 /* Project object */;
}
